// !$*UTF8*$!
{
	archiveVersion = 1;
	classes = {
	};
	objectVersion = 46;
	objects = {

/* Begin PBXBuildFile section */
		6DC7F7BA1AA6BA3A00EA705D /* main.cpp in Sources */ = {isa = PBXBuildFile; fileRef = 6DC7F7B91AA6BA3A00EA705D /* main.cpp */; };
/* End PBXBuildFile section */

/* Begin PBXCopyFilesBuildPhase section */
		6DC7F7B41AA6BA3A00EA705D /* CopyFiles */ = {
			isa = PBXCopyFilesBuildPhase;
			buildActionMask = 2147483647;
			dstPath = /usr/share/man/man1/;
			dstSubfolderSpec = 0;
			files = (
			);
			runOnlyForDeploymentPostprocessing = 1;
		};
/* End PBXCopyFilesBuildPhase section */

/* Begin PBXFileReference section */
		6DC7F7B61AA6BA3A00EA705D /* tarea_3_1 */ = {isa = PBXFileReference; explicitFileType = "compiled.mach-o.executable"; includeInIndex = 0; path = tarea_3_1; sourceTree = BUILT_PRODUCTS_DIR; };
		6DC7F7B91AA6BA3A00EA705D /* main.cpp */ = {isa = PBXFileReference; lastKnownFileType = sourcecode.cpp.cpp; path = main.cpp; sourceTree = "<group>"; };
		6DC7F7C11AA6BAF100EA705D /* Node.h */ = {isa = PBXFileReference; fileEncoding = 4; lastKnownFileType = sourcecode.c.h; path = Node.h; sourceTree = "<group>"; };
		6DC7F7C41AA6BB6400EA705D /* LinkedList.h */ = {isa = PBXFileReference; fileEncoding = 4; lastKnownFileType = sourcecode.c.h; path = LinkedList.h; sourceTree = "<group>"; };
/* End PBXFileReference section */

/* Begin PBXFrameworksBuildPhase section */
		6DC7F7B31AA6BA3A00EA705D /* Frameworks */ = {
			isa = PBXFrameworksBuildPhase;
			buildActionMask = 2147483647;
			files = (
			);
			runOnlyForDeploymentPostprocessing = 0;
		};
/* End PBXFrameworksBuildPhase section */

/* Begin PBXGroup section */
		6DC7F7AD1AA6BA3A00EA705D = {
			isa = PBXGroup;
			children = (
				6DC7F7B81AA6BA3A00EA705D /* tarea_3_1 */,
				6DC7F7B71AA6BA3A00EA705D /* Products */,
			);
			sourceTree = "<group>";
		};
		6DC7F7B71AA6BA3A00EA705D /* Products */ = {
			isa = PBXGroup;
			children = (
				6DC7F7B61AA6BA3A00EA705D /* tarea_3_1 */,
			);
			name = Products;
			sourceTree = "<group>";
		};
		6DC7F7B81AA6BA3A00EA705D /* tarea_3_1 */ = {
			isa = PBXGroup;
			children = (
				6DC7F7B91AA6BA3A00EA705D /* main.cpp */,
				6DC7F7C11AA6BAF100EA705D /* Node.h */,
				6DC7F7C41AA6BB6400EA705D /* LinkedList.h */,
			);
			path = tarea_3_1;
			sourceTree = "<group>";
		};
/* End PBXGroup section */

/* Begin PBXNativeTarget section */
		6DC7F7B51AA6BA3A00EA705D /* tarea_3_1 */ = {
			isa = PBXNativeTarget;
			buildConfigurationList = 6DC7F7BD1AA6BA3A00EA705D /* Build configuration list for PBXNativeTarget "tarea_3_1" */;
			buildPhases = (
				6DC7F7B21AA6BA3A00EA705D /* Sources */,
				6DC7F7B31AA6BA3A00EA705D /* Frameworks */,
				6DC7F7B41AA6BA3A00EA705D /* CopyFiles */,
			);
			buildRules = (
			);
			dependencies = (
			);
			name = tarea_3_1;
			productName = tarea_3_1;
			productReference = 6DC7F7B61AA6BA3A00EA705D /* tarea_3_1 */;
			productType = "com.apple.product-type.tool";
		};
/* End PBXNativeTarget section */

/* Begin PBXProject section */
		6DC7F7AE1AA6BA3A00EA705D /* Project object */ = {
			isa = PBXProject;
			attributes = {
				LastUpgradeCheck = 0610;
				ORGANIZATIONNAME = "Gonzalo Vergara";
				TargetAttributes = {
					6DC7F7B51AA6BA3A00EA705D = {
						CreatedOnToolsVersion = 6.1.1;
					};
				};
			};
			buildConfigurationList = 6DC7F7B11AA6BA3A00EA705D /* Build configuration list for PBXProject "tarea_3_1" */;
			compatibilityVersion = "Xcode 3.2";
			developmentRegion = English;
			hasScannedForEncodings = 0;
			knownRegions = (
				en,
			);
			mainGroup = 6DC7F7AD1AA6BA3A00EA705D;
			productRefGroup = 6DC7F7B71AA6BA3A00EA705D /* Products */;
			projectDirPath = "";
			projectRoot = "";
			targets = (
				6DC7F7B51AA6BA3A00EA705D /* tarea_3_1 */,
			);
		};
/* End PBXProject section */

/* Begin PBXSourcesBuildPhase section */
		6DC7F7B21AA6BA3A00EA705D /* Sources */ = {
			isa = PBXSourcesBuildPhase;
			buildActionMask = 2147483647;
			files = (
				6DC7F7BA1AA6BA3A00EA705D /* main.cpp in Sources */,
			);
			runOnlyForDeploymentPostprocessing = 0;
		};
/* End PBXSourcesBuildPhase section */

/* Begin XCBuildConfiguration section */
		6DC7F7BB1AA6BA3A00EA705D /* Debug */ = {
			isa = XCBuildConfiguration;
			buildSettings = {
				ALWAYS_SEARCH_USER_PATHS = NO;
				CLANG_CXX_LANGUAGE_STANDARD = "gnu++0x";
				CLANG_CXX_LIBRARY = "libc++";
				CLANG_ENABLE_MODULES = YES;
				CLANG_ENABLE_OBJC_ARC = YES;
				CLANG_WARN_BOOL_CONVERSION = YES;
				CLANG_WARN_CONSTANT_CONVERSION = YES;
				CLANG_WARN_DIRECT_OBJC_ISA_USAGE = YES_ERROR;
				CLANG_WARN_EMPTY_BODY = YES;
				CLANG_WARN_ENUM_CONVERSION = YES;
				CLANG_WARN_INT_CONVERSION = YES;
				CLANG_WARN_OBJC_ROOT_CLASS = YES_ERROR;
				CLANG_WARN_UNREACHABLE_CODE = YES;
				CLANG_WARN__DUPLICATE_METHOD_MATCH = YES;
				COPY_PHASE_STRIP = NO;
				ENABLE_STRICT_OBJC_MSGSEND = YES;
				GCC_C_LANGUAGE_STANDARD = gnu99;
				GCC_DYNAMIC_NO_PIC = NO;
				GCC_OPTIMIZATION_LEVEL = 0;
				GCC_PREPROCESSOR_DEFINITIONS = (
					"DEBUG=1",
					"$(inherited)",
				);
				GCC_SYMBOLS_PRIVATE_EXTERN = NO;
				GCC_WARN_64_TO_32_BIT_CONVERSION = YES;
				GCC_WARN_ABOUT_RETURN_TYPE = YES_ERROR;
				GCC_WARN_UNDECLARED_SELECTOR = YES;
				GCC_WARN_UNINITIALIZED_AUTOS = YES_AGGRESSIVE;
				GCC_WARN_UNUSED_FUNCTION = YES;
				GCC_WARN_UNUSED_VARIABLE = YES;
				MACOSX_DEPLOYMENT_TARGET = 10.9;
				MTL_ENABLE_DEBUG_INFO = YES;
				ONLY_ACTIVE_ARCH = YES;
				SDKROOT = macosx;
			};
			name = Debug;
		};
		6DC7F7BC1AA6BA3A00EA705D /* Release */ = {
			isa = XCBuildConfiguration;
			buildSettings = {
				ALWAYS_SEARCH_USER_PATHS = NO;
				CLANG_CXX_LANGUAGE_STANDARD = "gnu++0x";
				CLANG_CXX_LIBRARY = "libc++";
				CLANG_ENABLE_MODULES = YES;
				CLANG_ENABLE_OBJC_ARC = YES;
				CLANG_WARN_BOOL_CONVERSION = YES;
				CLANG_WARN_CONSTANT_CONVERSION = YES;
				CLANG_WARN_DIRECT_OBJC_ISA_USAGE = YES_ERROR;
				CLANG_WARN_EMPTY_BODY = YES;
				CLANG_WARN_ENUM_CONVERSION = YES;
				CLANG_WARN_INT_CONVERSION = YES;
				CLANG_WARN_OBJC_ROOT_CLASS = YES_ERROR;
				CLANG_WARN_UNREACHABLE_CODE = YES;
				CLANG_WARN__DUPLICATE_METHOD_MATCH = YES;
				COPY_PHASE_STRIP = YES;
				DEBUG_INFORMATION_FORMAT = "dwarf-with-dsym";
				ENABLE_NS_ASSERTIONS = NO;
				ENABLE_STRICT_OBJC_MSGSEND = YES;
				GCC_C_LANGUAGE_STANDARD = gnu99;
				GCC_WARN_64_TO_32_BIT_CONVERSION = YES;
				GCC_WARN_ABOUT_RETURN_TYPE = YES_ERROR;
				GCC_WARN_UNDECLARED_SELECTOR = YES;
				GCC_WARN_UNINITIALIZED_AUTOS = YES_AGGRESSIVE;
				GCC_WARN_UNUSED_FUNCTION = YES;
				GCC_WARN_UNUSED_VARIABLE = YES;
				MACOSX_DEPLOYMENT_TARGET = 10.9;
				MTL_ENABLE_DEBUG_INFO = NO;
				SDKROOT = macosx;
			};
			name = Release;
		};
		6DC7F7BE1AA6BA3A00EA705D /* Debug */ = {
			isa = XCBuildConfiguration;
			buildSettings = {
				PRODUCT_NAME = "$(TARGET_NAME)";
			};
			name = Debug;
		};
		6DC7F7BF1AA6BA3A00EA705D /* Release */ = {
			isa = XCBuildConfiguration;
			buildSettings = {
				PRODUCT_NAME = "$(TARGET_NAME)";
			};
			name = Release;
		};
/* End XCBuildConfiguration section */

/* Begin XCConfigurationList section */
		6DC7F7B11AA6BA3A00EA705D /* Build configuration list for PBXProject "tarea_3_1" */ = {
			isa = XCConfigurationList;
			buildConfigurations = (
				6DC7F7BB1AA6BA3A00EA705D /* Debug */,
				6DC7F7BC1AA6BA3A00EA705D /* Release */,
			);
			defaultConfigurationIsVisible = 0;
			defaultConfigurationName = Release;
		};
		6DC7F7BD1AA6BA3A00EA705D /* Build configuration list for PBXNativeTarget "tarea_3_1" */ = {
			isa = XCConfigurationList;
			buildConfigurations = (
				6DC7F7BE1AA6BA3A00EA705D /* Debug */,
				6DC7F7BF1AA6BA3A00EA705D /* Release */,
			);
			defaultConfigurationIsVisible = 0;
		};
/* End XCConfigurationList section */
	};
	rootObject = 6DC7F7AE1AA6BA3A00EA705D /* Project object */;
}
