// !$*UTF8*$!
{
	archiveVersion = 1;
	classes = {
	};
	objectVersion = 46;
	objects = {

/* Begin PBXBuildFile section */
		6D2FFB041A685ED6008AE2CE /* main.cpp in Sources */ = {isa = PBXBuildFile; fileRef = 6D2FFB031A685ED6008AE2CE /* main.cpp */; };
/* End PBXBuildFile section */

/* Begin PBXCopyFilesBuildPhase section */
		6D2FFAFE1A685ED6008AE2CE /* CopyFiles */ = {
			isa = PBXCopyFilesBuildPhase;
			buildActionMask = 2147483647;
			dstPath = /usr/share/man/man1/;
			dstSubfolderSpec = 0;
			files = (
			);
			runOnlyForDeploymentPostprocessing = 1;
		};
/* End PBXCopyFilesBuildPhase section */

/* Begin PBXFileReference section */
		6D2FFB001A685ED6008AE2CE /* hanoi_recursivo */ = {isa = PBXFileReference; explicitFileType = "compiled.mach-o.executable"; includeInIndex = 0; path = hanoi_recursivo; sourceTree = BUILT_PRODUCTS_DIR; };
		6D2FFB031A685ED6008AE2CE /* main.cpp */ = {isa = PBXFileReference; lastKnownFileType = sourcecode.cpp.cpp; path = main.cpp; sourceTree = "<group>"; };
/* End PBXFileReference section */

/* Begin PBXFrameworksBuildPhase section */
		6D2FFAFD1A685ED6008AE2CE /* Frameworks */ = {
			isa = PBXFrameworksBuildPhase;
			buildActionMask = 2147483647;
			files = (
			);
			runOnlyForDeploymentPostprocessing = 0;
		};
/* End PBXFrameworksBuildPhase section */

/* Begin PBXGroup section */
		6D2FFAF71A685ED6008AE2CE = {
			isa = PBXGroup;
			children = (
				6D2FFB021A685ED6008AE2CE /* hanoi_recursivo */,
				6D2FFB011A685ED6008AE2CE /* Products */,
			);
			sourceTree = "<group>";
		};
		6D2FFB011A685ED6008AE2CE /* Products */ = {
			isa = PBXGroup;
			children = (
				6D2FFB001A685ED6008AE2CE /* hanoi_recursivo */,
			);
			name = Products;
			sourceTree = "<group>";
		};
		6D2FFB021A685ED6008AE2CE /* hanoi_recursivo */ = {
			isa = PBXGroup;
			children = (
				6D2FFB031A685ED6008AE2CE /* main.cpp */,
			);
			path = hanoi_recursivo;
			sourceTree = "<group>";
		};
/* End PBXGroup section */

/* Begin PBXNativeTarget section */
		6D2FFAFF1A685ED6008AE2CE /* hanoi_recursivo */ = {
			isa = PBXNativeTarget;
			buildConfigurationList = 6D2FFB071A685ED6008AE2CE /* Build configuration list for PBXNativeTarget "hanoi_recursivo" */;
			buildPhases = (
				6D2FFAFC1A685ED6008AE2CE /* Sources */,
				6D2FFAFD1A685ED6008AE2CE /* Frameworks */,
				6D2FFAFE1A685ED6008AE2CE /* CopyFiles */,
			);
			buildRules = (
			);
			dependencies = (
			);
			name = hanoi_recursivo;
			productName = hanoi_recursivo;
			productReference = 6D2FFB001A685ED6008AE2CE /* hanoi_recursivo */;
			productType = "com.apple.product-type.tool";
		};
/* End PBXNativeTarget section */

/* Begin PBXProject section */
		6D2FFAF81A685ED6008AE2CE /* Project object */ = {
			isa = PBXProject;
			attributes = {
				LastUpgradeCheck = 0610;
				ORGANIZATIONNAME = "Gonzalo Vergara";
				TargetAttributes = {
					6D2FFAFF1A685ED6008AE2CE = {
						CreatedOnToolsVersion = 6.1.1;
					};
				};
			};
			buildConfigurationList = 6D2FFAFB1A685ED6008AE2CE /* Build configuration list for PBXProject "hanoi_recursivo" */;
			compatibilityVersion = "Xcode 3.2";
			developmentRegion = English;
			hasScannedForEncodings = 0;
			knownRegions = (
				en,
			);
			mainGroup = 6D2FFAF71A685ED6008AE2CE;
			productRefGroup = 6D2FFB011A685ED6008AE2CE /* Products */;
			projectDirPath = "";
			projectRoot = "";
			targets = (
				6D2FFAFF1A685ED6008AE2CE /* hanoi_recursivo */,
			);
		};
/* End PBXProject section */

/* Begin PBXSourcesBuildPhase section */
		6D2FFAFC1A685ED6008AE2CE /* Sources */ = {
			isa = PBXSourcesBuildPhase;
			buildActionMask = 2147483647;
			files = (
				6D2FFB041A685ED6008AE2CE /* main.cpp in Sources */,
			);
			runOnlyForDeploymentPostprocessing = 0;
		};
/* End PBXSourcesBuildPhase section */

/* Begin XCBuildConfiguration section */
		6D2FFB051A685ED6008AE2CE /* Debug */ = {
			isa = XCBuildConfiguration;
			buildSettings = {
				ALWAYS_SEARCH_USER_PATHS = NO;
				CLANG_CXX_LANGUAGE_STANDARD = "gnu++0x";
				CLANG_CXX_LIBRARY = "libc++";
				CLANG_ENABLE_MODULES = YES;
				CLANG_ENABLE_OBJC_ARC = YES;
				CLANG_WARN_BOOL_CONVERSION = YES;
				CLANG_WARN_CONSTANT_CONVERSION = YES;
				CLANG_WARN_DIRECT_OBJC_ISA_USAGE = YES_ERROR;
				CLANG_WARN_EMPTY_BODY = YES;
				CLANG_WARN_ENUM_CONVERSION = YES;
				CLANG_WARN_INT_CONVERSION = YES;
				CLANG_WARN_OBJC_ROOT_CLASS = YES_ERROR;
				CLANG_WARN_UNREACHABLE_CODE = YES;
				CLANG_WARN__DUPLICATE_METHOD_MATCH = YES;
				COPY_PHASE_STRIP = NO;
				ENABLE_STRICT_OBJC_MSGSEND = YES;
				GCC_C_LANGUAGE_STANDARD = gnu99;
				GCC_DYNAMIC_NO_PIC = NO;
				GCC_OPTIMIZATION_LEVEL = 0;
				GCC_PREPROCESSOR_DEFINITIONS = (
					"DEBUG=1",
					"$(inherited)",
				);
				GCC_SYMBOLS_PRIVATE_EXTERN = NO;
				GCC_WARN_64_TO_32_BIT_CONVERSION = YES;
				GCC_WARN_ABOUT_RETURN_TYPE = YES_ERROR;
				GCC_WARN_UNDECLARED_SELECTOR = YES;
				GCC_WARN_UNINITIALIZED_AUTOS = YES_AGGRESSIVE;
				GCC_WARN_UNUSED_FUNCTION = YES;
				GCC_WARN_UNUSED_VARIABLE = YES;
				MACOSX_DEPLOYMENT_TARGET = 10.9;
				MTL_ENABLE_DEBUG_INFO = YES;
				ONLY_ACTIVE_ARCH = YES;
				SDKROOT = macosx;
			};
			name = Debug;
		};
		6D2FFB061A685ED6008AE2CE /* Release */ = {
			isa = XCBuildConfiguration;
			buildSettings = {
				ALWAYS_SEARCH_USER_PATHS = NO;
				CLANG_CXX_LANGUAGE_STANDARD = "gnu++0x";
				CLANG_CXX_LIBRARY = "libc++";
				CLANG_ENABLE_MODULES = YES;
				CLANG_ENABLE_OBJC_ARC = YES;
				CLANG_WARN_BOOL_CONVERSION = YES;
				CLANG_WARN_CONSTANT_CONVERSION = YES;
				CLANG_WARN_DIRECT_OBJC_ISA_USAGE = YES_ERROR;
				CLANG_WARN_EMPTY_BODY = YES;
				CLANG_WARN_ENUM_CONVERSION = YES;
				CLANG_WARN_INT_CONVERSION = YES;
				CLANG_WARN_OBJC_ROOT_CLASS = YES_ERROR;
				CLANG_WARN_UNREACHABLE_CODE = YES;
				CLANG_WARN__DUPLICATE_METHOD_MATCH = YES;
				COPY_PHASE_STRIP = YES;
				DEBUG_INFORMATION_FORMAT = "dwarf-with-dsym";
				ENABLE_NS_ASSERTIONS = NO;
				ENABLE_STRICT_OBJC_MSGSEND = YES;
				GCC_C_LANGUAGE_STANDARD = gnu99;
				GCC_WARN_64_TO_32_BIT_CONVERSION = YES;
				GCC_WARN_ABOUT_RETURN_TYPE = YES_ERROR;
				GCC_WARN_UNDECLARED_SELECTOR = YES;
				GCC_WARN_UNINITIALIZED_AUTOS = YES_AGGRESSIVE;
				GCC_WARN_UNUSED_FUNCTION = YES;
				GCC_WARN_UNUSED_VARIABLE = YES;
				MACOSX_DEPLOYMENT_TARGET = 10.9;
				MTL_ENABLE_DEBUG_INFO = NO;
				SDKROOT = macosx;
			};
			name = Release;
		};
		6D2FFB081A685ED6008AE2CE /* Debug */ = {
			isa = XCBuildConfiguration;
			buildSettings = {
				PRODUCT_NAME = "$(TARGET_NAME)";
			};
			name = Debug;
		};
		6D2FFB091A685ED6008AE2CE /* Release */ = {
			isa = XCBuildConfiguration;
			buildSettings = {
				PRODUCT_NAME = "$(TARGET_NAME)";
			};
			name = Release;
		};
/* End XCBuildConfiguration section */

/* Begin XCConfigurationList section */
		6D2FFAFB1A685ED6008AE2CE /* Build configuration list for PBXProject "hanoi_recursivo" */ = {
			isa = XCConfigurationList;
			buildConfigurations = (
				6D2FFB051A685ED6008AE2CE /* Debug */,
				6D2FFB061A685ED6008AE2CE /* Release */,
			);
			defaultConfigurationIsVisible = 0;
			defaultConfigurationName = Release;
		};
		6D2FFB071A685ED6008AE2CE /* Build configuration list for PBXNativeTarget "hanoi_recursivo" */ = {
			isa = XCConfigurationList;
			buildConfigurations = (
				6D2FFB081A685ED6008AE2CE /* Debug */,
				6D2FFB091A685ED6008AE2CE /* Release */,
			);
			defaultConfigurationIsVisible = 0;
		};
/* End XCConfigurationList section */
	};
	rootObject = 6D2FFAF81A685ED6008AE2CE /* Project object */;
}
