// !$*UTF8*$!
{
	archiveVersion = 1;
	classes = {
	};
	objectVersion = 46;
	objects = {

/* Begin PBXBuildFile section */
		6D0579D01A76D384007EBCBB /* main.cpp in Sources */ = {isa = PBXBuildFile; fileRef = 6D0579CF1A76D384007EBCBB /* main.cpp */; };
/* End PBXBuildFile section */

/* Begin PBXCopyFilesBuildPhase section */
		6D0579CA1A76D384007EBCBB /* CopyFiles */ = {
			isa = PBXCopyFilesBuildPhase;
			buildActionMask = 2147483647;
			dstPath = /usr/share/man/man1/;
			dstSubfolderSpec = 0;
			files = (
			);
			runOnlyForDeploymentPostprocessing = 1;
		};
/* End PBXCopyFilesBuildPhase section */

/* Begin PBXFileReference section */
		6D0579CC1A76D384007EBCBB /* ejercicio_1_26_01_2015 */ = {isa = PBXFileReference; explicitFileType = "compiled.mach-o.executable"; includeInIndex = 0; path = ejercicio_1_26_01_2015; sourceTree = BUILT_PRODUCTS_DIR; };
		6D0579CF1A76D384007EBCBB /* main.cpp */ = {isa = PBXFileReference; lastKnownFileType = sourcecode.cpp.cpp; path = main.cpp; sourceTree = "<group>"; };
/* End PBXFileReference section */

/* Begin PBXFrameworksBuildPhase section */
		6D0579C91A76D384007EBCBB /* Frameworks */ = {
			isa = PBXFrameworksBuildPhase;
			buildActionMask = 2147483647;
			files = (
			);
			runOnlyForDeploymentPostprocessing = 0;
		};
/* End PBXFrameworksBuildPhase section */

/* Begin PBXGroup section */
		6D0579C31A76D384007EBCBB = {
			isa = PBXGroup;
			children = (
				6D0579CE1A76D384007EBCBB /* ejercicio_1_26_01_2015 */,
				6D0579CD1A76D384007EBCBB /* Products */,
			);
			sourceTree = "<group>";
		};
		6D0579CD1A76D384007EBCBB /* Products */ = {
			isa = PBXGroup;
			children = (
				6D0579CC1A76D384007EBCBB /* ejercicio_1_26_01_2015 */,
			);
			name = Products;
			sourceTree = "<group>";
		};
		6D0579CE1A76D384007EBCBB /* ejercicio_1_26_01_2015 */ = {
			isa = PBXGroup;
			children = (
				6D0579CF1A76D384007EBCBB /* main.cpp */,
			);
			path = ejercicio_1_26_01_2015;
			sourceTree = "<group>";
		};
/* End PBXGroup section */

/* Begin PBXNativeTarget section */
		6D0579CB1A76D384007EBCBB /* ejercicio_1_26_01_2015 */ = {
			isa = PBXNativeTarget;
			buildConfigurationList = 6D0579D31A76D384007EBCBB /* Build configuration list for PBXNativeTarget "ejercicio_1_26_01_2015" */;
			buildPhases = (
				6D0579C81A76D384007EBCBB /* Sources */,
				6D0579C91A76D384007EBCBB /* Frameworks */,
				6D0579CA1A76D384007EBCBB /* CopyFiles */,
			);
			buildRules = (
			);
			dependencies = (
			);
			name = ejercicio_1_26_01_2015;
			productName = ejercicio_1_26_01_2015;
			productReference = 6D0579CC1A76D384007EBCBB /* ejercicio_1_26_01_2015 */;
			productType = "com.apple.product-type.tool";
		};
/* End PBXNativeTarget section */

/* Begin PBXProject section */
		6D0579C41A76D384007EBCBB /* Project object */ = {
			isa = PBXProject;
			attributes = {
				LastUpgradeCheck = 0610;
				ORGANIZATIONNAME = "Gonzalo Vergara";
				TargetAttributes = {
					6D0579CB1A76D384007EBCBB = {
						CreatedOnToolsVersion = 6.1.1;
					};
				};
			};
			buildConfigurationList = 6D0579C71A76D384007EBCBB /* Build configuration list for PBXProject "ejercicio_1_26_01_2015" */;
			compatibilityVersion = "Xcode 3.2";
			developmentRegion = English;
			hasScannedForEncodings = 0;
			knownRegions = (
				en,
			);
			mainGroup = 6D0579C31A76D384007EBCBB;
			productRefGroup = 6D0579CD1A76D384007EBCBB /* Products */;
			projectDirPath = "";
			projectRoot = "";
			targets = (
				6D0579CB1A76D384007EBCBB /* ejercicio_1_26_01_2015 */,
			);
		};
/* End PBXProject section */

/* Begin PBXSourcesBuildPhase section */
		6D0579C81A76D384007EBCBB /* Sources */ = {
			isa = PBXSourcesBuildPhase;
			buildActionMask = 2147483647;
			files = (
				6D0579D01A76D384007EBCBB /* main.cpp in Sources */,
			);
			runOnlyForDeploymentPostprocessing = 0;
		};
/* End PBXSourcesBuildPhase section */

/* Begin XCBuildConfiguration section */
		6D0579D11A76D384007EBCBB /* Debug */ = {
			isa = XCBuildConfiguration;
			buildSettings = {
				ALWAYS_SEARCH_USER_PATHS = NO;
				CLANG_CXX_LANGUAGE_STANDARD = "gnu++0x";
				CLANG_CXX_LIBRARY = "libc++";
				CLANG_ENABLE_MODULES = YES;
				CLANG_ENABLE_OBJC_ARC = YES;
				CLANG_WARN_BOOL_CONVERSION = YES;
				CLANG_WARN_CONSTANT_CONVERSION = YES;
				CLANG_WARN_DIRECT_OBJC_ISA_USAGE = YES_ERROR;
				CLANG_WARN_EMPTY_BODY = YES;
				CLANG_WARN_ENUM_CONVERSION = YES;
				CLANG_WARN_INT_CONVERSION = YES;
				CLANG_WARN_OBJC_ROOT_CLASS = YES_ERROR;
				CLANG_WARN_UNREACHABLE_CODE = YES;
				CLANG_WARN__DUPLICATE_METHOD_MATCH = YES;
				COPY_PHASE_STRIP = NO;
				ENABLE_STRICT_OBJC_MSGSEND = YES;
				GCC_C_LANGUAGE_STANDARD = gnu99;
				GCC_DYNAMIC_NO_PIC = NO;
				GCC_OPTIMIZATION_LEVEL = 0;
				GCC_PREPROCESSOR_DEFINITIONS = (
					"DEBUG=1",
					"$(inherited)",
				);
				GCC_SYMBOLS_PRIVATE_EXTERN = NO;
				GCC_WARN_64_TO_32_BIT_CONVERSION = YES;
				GCC_WARN_ABOUT_RETURN_TYPE = YES_ERROR;
				GCC_WARN_UNDECLARED_SELECTOR = YES;
				GCC_WARN_UNINITIALIZED_AUTOS = YES_AGGRESSIVE;
				GCC_WARN_UNUSED_FUNCTION = YES;
				GCC_WARN_UNUSED_VARIABLE = YES;
				MACOSX_DEPLOYMENT_TARGET = 10.9;
				MTL_ENABLE_DEBUG_INFO = YES;
				ONLY_ACTIVE_ARCH = YES;
				SDKROOT = macosx;
			};
			name = Debug;
		};
		6D0579D21A76D384007EBCBB /* Release */ = {
			isa = XCBuildConfiguration;
			buildSettings = {
				ALWAYS_SEARCH_USER_PATHS = NO;
				CLANG_CXX_LANGUAGE_STANDARD = "gnu++0x";
				CLANG_CXX_LIBRARY = "libc++";
				CLANG_ENABLE_MODULES = YES;
				CLANG_ENABLE_OBJC_ARC = YES;
				CLANG_WARN_BOOL_CONVERSION = YES;
				CLANG_WARN_CONSTANT_CONVERSION = YES;
				CLANG_WARN_DIRECT_OBJC_ISA_USAGE = YES_ERROR;
				CLANG_WARN_EMPTY_BODY = YES;
				CLANG_WARN_ENUM_CONVERSION = YES;
				CLANG_WARN_INT_CONVERSION = YES;
				CLANG_WARN_OBJC_ROOT_CLASS = YES_ERROR;
				CLANG_WARN_UNREACHABLE_CODE = YES;
				CLANG_WARN__DUPLICATE_METHOD_MATCH = YES;
				COPY_PHASE_STRIP = YES;
				DEBUG_INFORMATION_FORMAT = "dwarf-with-dsym";
				ENABLE_NS_ASSERTIONS = NO;
				ENABLE_STRICT_OBJC_MSGSEND = YES;
				GCC_C_LANGUAGE_STANDARD = gnu99;
				GCC_WARN_64_TO_32_BIT_CONVERSION = YES;
				GCC_WARN_ABOUT_RETURN_TYPE = YES_ERROR;
				GCC_WARN_UNDECLARED_SELECTOR = YES;
				GCC_WARN_UNINITIALIZED_AUTOS = YES_AGGRESSIVE;
				GCC_WARN_UNUSED_FUNCTION = YES;
				GCC_WARN_UNUSED_VARIABLE = YES;
				MACOSX_DEPLOYMENT_TARGET = 10.9;
				MTL_ENABLE_DEBUG_INFO = NO;
				SDKROOT = macosx;
			};
			name = Release;
		};
		6D0579D41A76D384007EBCBB /* Debug */ = {
			isa = XCBuildConfiguration;
			buildSettings = {
				PRODUCT_NAME = "$(TARGET_NAME)";
			};
			name = Debug;
		};
		6D0579D51A76D384007EBCBB /* Release */ = {
			isa = XCBuildConfiguration;
			buildSettings = {
				PRODUCT_NAME = "$(TARGET_NAME)";
			};
			name = Release;
		};
/* End XCBuildConfiguration section */

/* Begin XCConfigurationList section */
		6D0579C71A76D384007EBCBB /* Build configuration list for PBXProject "ejercicio_1_26_01_2015" */ = {
			isa = XCConfigurationList;
			buildConfigurations = (
				6D0579D11A76D384007EBCBB /* Debug */,
				6D0579D21A76D384007EBCBB /* Release */,
			);
			defaultConfigurationIsVisible = 0;
			defaultConfigurationName = Release;
		};
		6D0579D31A76D384007EBCBB /* Build configuration list for PBXNativeTarget "ejercicio_1_26_01_2015" */ = {
			isa = XCConfigurationList;
			buildConfigurations = (
				6D0579D41A76D384007EBCBB /* Debug */,
				6D0579D51A76D384007EBCBB /* Release */,
			);
			defaultConfigurationIsVisible = 0;
		};
/* End XCConfigurationList section */
	};
	rootObject = 6D0579C41A76D384007EBCBB /* Project object */;
}
